
Microsoft Visual Studio Solution File, Format Version 11.00
# Visual Studio 2010
Project("{FAE04EC0-301F-11D3-BF4B-00C04F79EFBC}") = "HaoSLTest", "HaoSLTest\HaoSLTest.csproj", "{05C1EB7B-542C-4DF7-9B0A-355A0AE0BA57}"
	ProjectSection(ProjectDependencies) = postProject
		{DB309C19-A2D2-42D8-B94F-A9998D6DE4F7} = {DB309C19-A2D2-42D8-B94F-A9998D6DE4F7}
	EndProjectSection
EndProject
Project("{FAE04EC0-301F-11D3-BF4B-00C04F79EFBC}") = "HaoSLTest.Web", "HaoSLTest.Web\HaoSLTest.Web.csproj", "{DB309C19-A2D2-42D8-B94F-A9998D6DE4F7}"
EndProject
Project("{FAE04EC0-301F-11D3-BF4B-00C04F79EFBC}") = "HaoSLTest.Web.Tests", "HaoSLTest.Web.Tests\HaoSLTest.Web.Tests.csproj", "{17A22193-0893-4C38-826A-2B1522FD99B8}"
EndProject
Global
	GlobalSection(SolutionConfigurationPlatforms) = preSolution
		Debug|Any CPU = Debug|Any CPU
		Release|Any CPU = Release|Any CPU
	EndGlobalSection
	GlobalSection(ProjectConfigurationPlatforms) = postSolution
		{05C1EB7B-542C-4DF7-9B0A-355A0AE0BA57}.Debug|Any CPU.ActiveCfg = Debug|Any CPU
		{05C1EB7B-542C-4DF7-9B0A-355A0AE0BA57}.Debug|Any CPU.Build.0 = Debug|Any CPU
		{05C1EB7B-542C-4DF7-9B0A-355A0AE0BA57}.Release|Any CPU.ActiveCfg = Release|Any CPU
		{05C1EB7B-542C-4DF7-9B0A-355A0AE0BA57}.Release|Any CPU.Build.0 = Release|Any CPU
		{DB309C19-A2D2-42D8-B94F-A9998D6DE4F7}.Debug|Any CPU.ActiveCfg = Debug|Any CPU
		{DB309C19-A2D2-42D8-B94F-A9998D6DE4F7}.Debug|Any CPU.Build.0 = Debug|Any CPU
		{DB309C19-A2D2-42D8-B94F-A9998D6DE4F7}.Release|Any CPU.ActiveCfg = Release|Any CPU
		{DB309C19-A2D2-42D8-B94F-A9998D6DE4F7}.Release|Any CPU.Build.0 = Release|Any CPU
		{17A22193-0893-4C38-826A-2B1522FD99B8}.Debug|Any CPU.ActiveCfg = Debug|Any CPU
		{17A22193-0893-4C38-826A-2B1522FD99B8}.Debug|Any CPU.Build.0 = Debug|Any CPU
		{17A22193-0893-4C38-826A-2B1522FD99B8}.Release|Any CPU.ActiveCfg = Release|Any CPU
		{17A22193-0893-4C38-826A-2B1522FD99B8}.Release|Any CPU.Build.0 = Release|Any CPU
	EndGlobalSection
	GlobalSection(SolutionProperties) = preSolution
		HideSolutionNode = FALSE
	EndGlobalSection
EndGlobal
