
Microsoft Visual Studio Solution File, Format Version 11.00
# Visual Studio 2010
Project("{FAE04EC0-301F-11D3-BF4B-00C04F79EFBC}") = "T4EF", "T4EF\T4EF.csproj", "{A3416FCC-007B-423D-BB96-BC03A0B9835A}"
EndProject
Global
	GlobalSection(SolutionConfigurationPlatforms) = preSolution
		Debug|Any CPU = Debug|Any CPU
		Release|Any CPU = Release|Any CPU
	EndGlobalSection
	GlobalSection(ProjectConfigurationPlatforms) = postSolution
		{A3416FCC-007B-423D-BB96-BC03A0B9835A}.Debug|Any CPU.ActiveCfg = Debug|Any CPU
		{A3416FCC-007B-423D-BB96-BC03A0B9835A}.Debug|Any CPU.Build.0 = Debug|Any CPU
		{A3416FCC-007B-423D-BB96-BC03A0B9835A}.Release|Any CPU.ActiveCfg = Release|Any CPU
		{A3416FCC-007B-423D-BB96-BC03A0B9835A}.Release|Any CPU.Build.0 = Release|Any CPU
	EndGlobalSection
	GlobalSection(SolutionProperties) = preSolution
		HideSolutionNode = FALSE
	EndGlobalSection
EndGlobal
