
Microsoft Visual Studio Solution File, Format Version 11.00
# Visual Studio 2010
Project("{FAE04EC0-301F-11D3-BF4B-00C04F79EFBC}") = "MultiLanguage", "MultiLanguage\MultiLanguage.csproj", "{3A2F042C-3E3A-499A-9634-7A0F50BD2B4D}"
EndProject
Global
	GlobalSection(SolutionConfigurationPlatforms) = preSolution
		Debug|Any CPU = Debug|Any CPU
		Release|Any CPU = Release|Any CPU
	EndGlobalSection
	GlobalSection(ProjectConfigurationPlatforms) = postSolution
		{3A2F042C-3E3A-499A-9634-7A0F50BD2B4D}.Debug|Any CPU.ActiveCfg = Debug|Any CPU
		{3A2F042C-3E3A-499A-9634-7A0F50BD2B4D}.Debug|Any CPU.Build.0 = Debug|Any CPU
		{3A2F042C-3E3A-499A-9634-7A0F50BD2B4D}.Release|Any CPU.ActiveCfg = Release|Any CPU
		{3A2F042C-3E3A-499A-9634-7A0F50BD2B4D}.Release|Any CPU.Build.0 = Release|Any CPU
	EndGlobalSection
	GlobalSection(SolutionProperties) = preSolution
		HideSolutionNode = FALSE
	EndGlobalSection
EndGlobal
